
Microsoft Visual Studio Solution File, Format Version 12.00
# Visual Studio 2013
VisualStudioVersion = 12.0.31101.0
MinimumVisualStudioVersion = 10.0.40219.1
Project("{9092AA53-FB77-4645-B42D-1CCCA6BD08BD}") = "OTBasicNodeExpress20150304", "OTBasicNodeExpress20150304\OTBasicNodeExpress20150304.njsproj", "{8029078F-A51D-4113-ABF9-E135A5748E34}"
EndProject
Global
	GlobalSection(SolutionConfigurationPlatforms) = preSolution
		Debug|Any CPU = Debug|Any CPU
		Release|Any CPU = Release|Any CPU
	EndGlobalSection
	GlobalSection(ProjectConfigurationPlatforms) = postSolution
		{8029078F-A51D-4113-ABF9-E135A5748E34}.Debug|Any CPU.ActiveCfg = Debug|Any CPU
		{8029078F-A51D-4113-ABF9-E135A5748E34}.Debug|Any CPU.Build.0 = Debug|Any CPU
		{8029078F-A51D-4113-ABF9-E135A5748E34}.Release|Any CPU.ActiveCfg = Release|Any CPU
		{8029078F-A51D-4113-ABF9-E135A5748E34}.Release|Any CPU.Build.0 = Release|Any CPU
	EndGlobalSection
	GlobalSection(SolutionProperties) = preSolution
		HideSolutionNode = FALSE
	EndGlobalSection
EndGlobal
